
Microsoft Visual Studio Solution File, Format Version 12.00
# Visual Studio Version 16
VisualStudioVersion = 16.0.810.6
MinimumVisualStudioVersion = 10.0.40219.1
Project("{FAE04EC0-301F-11D3-BF4B-00C04F79EFBC}") = "BibliotecaUDEO", "BibliotecaUDEO\BibliotecaUDEO.csproj", "{263B6A54-3D02-4489-BA4C-343F014C1D93}"
EndProject
Global
	GlobalSection(SolutionConfigurationPlatforms) = preSolution
		Debug|Any CPU = Debug|Any CPU
		Release|Any CPU = Release|Any CPU
	EndGlobalSection
	GlobalSection(ProjectConfigurationPlatforms) = postSolution
		{263B6A54-3D02-4489-BA4C-343F014C1D93}.Debug|Any CPU.ActiveCfg = Debug|Any CPU
		{263B6A54-3D02-4489-BA4C-343F014C1D93}.Debug|Any CPU.Build.0 = Debug|Any CPU
		{263B6A54-3D02-4489-BA4C-343F014C1D93}.Release|Any CPU.ActiveCfg = Release|Any CPU
		{263B6A54-3D02-4489-BA4C-343F014C1D93}.Release|Any CPU.Build.0 = Release|Any CPU
	EndGlobalSection
	GlobalSection(SolutionProperties) = preSolution
		HideSolutionNode = FALSE
	EndGlobalSection
	GlobalSection(ExtensibilityGlobals) = postSolution
		SolutionGuid = {BE5F8D2C-64E7-4559-B463-FF35DBB3969C}
	EndGlobalSection
EndGlobal
